dependencies:
- name: redis
  repository: https://charts.bitnami.com/bitnami
  version: 18.6.3
- name: postgresql
  repository: https://charts.bitnami.com/bitnami
  version: 16.4.5
- name: common
  repository: https://bjw-s.github.io/helm-charts
  version: 1.5.1
digest: sha256:80410d625b6c27d0cb25b9b7ca8243cab2c7523acd31c4ce0979ac210258eca1
generated: "2025-02-14T21:04:53.867839638+01:00"
